
Microsoft Visual Studio Solution File, Format Version 12.00
# Visual Studio 15
VisualStudioVersion = 15.0.28307.168
MinimumVisualStudioVersion = 10.0.40219.1
Project("{9A19103F-16F7-4668-BE54-9A1E7A4F7556}") = "Pangram", "Pangram.csproj", "{9F74EB69-BA93-4816-9014-7306F2DA7FDD}"
EndProject
Global
	GlobalSection(SolutionConfigurationPlatforms) = preSolution
		Debug|Any CPU = Debug|Any CPU
		Release|Any CPU = Release|Any CPU
	EndGlobalSection
	GlobalSection(ProjectConfigurationPlatforms) = postSolution
		{9F74EB69-BA93-4816-9014-7306F2DA7FDD}.Debug|Any CPU.ActiveCfg = Debug|Any CPU
		{9F74EB69-BA93-4816-9014-7306F2DA7FDD}.Debug|Any CPU.Build.0 = Debug|Any CPU
		{9F74EB69-BA93-4816-9014-7306F2DA7FDD}.Release|Any CPU.ActiveCfg = Release|Any CPU
		{9F74EB69-BA93-4816-9014-7306F2DA7FDD}.Release|Any CPU.Build.0 = Release|Any CPU
	EndGlobalSection
	GlobalSection(SolutionProperties) = preSolution
		HideSolutionNode = FALSE
	EndGlobalSection
	GlobalSection(ExtensibilityGlobals) = postSolution
		SolutionGuid = {0ACEB133-60A8-4637-8916-F024F78D6E14}
	EndGlobalSection
EndGlobal
